
Microsoft Visual Studio Solution File, Format Version 12.00
# Visual Studio 2013
VisualStudioVersion = 12.0.21005.1
MinimumVisualStudioVersion = 10.0.40219.1
Project("{2150E333-8FDC-42A3-9474-1A3956D46DE8}") = "UI", "UI", "{2797A6D0-ED47-4EA6-BCC8-BC3198767A81}"
EndProject
Project("{FAE04EC0-301F-11D3-BF4B-00C04F79EFBC}") = "WebUI", "WebUI\WebUI.csproj", "{4A212315-A7B5-46BC-8667-7D269577034C}"
EndProject
Project("{2150E333-8FDC-42A3-9474-1A3956D46DE8}") = "BLL", "BLL", "{61EC6B4F-BA42-44DA-9E0C-F60BFEE1712C}"
EndProject
Project("{2150E333-8FDC-42A3-9474-1A3956D46DE8}") = "Entity", "Entity", "{F05BB6B8-44B5-4997-A6BB-B2065F9282F7}"
EndProject
Project("{2150E333-8FDC-42A3-9474-1A3956D46DE8}") = "DAL", "DAL", "{4E911726-F15C-49F1-B899-0845B370784D}"
EndProject
Project("{2150E333-8FDC-42A3-9474-1A3956D46DE8}") = "Common", "Common", "{39BA02C5-BDCF-4668-BCD4-B1A56BE22D2A}"
EndProject
Project("{FAE04EC0-301F-11D3-BF4B-00C04F79EFBC}") = "PersonnelIDAL", "PersonnelIDAL\PersonnelIDAL.csproj", "{DE12675D-F538-407F-82E4-DA56F7F9BFB7}"
EndProject
Project("{FAE04EC0-301F-11D3-BF4B-00C04F79EFBC}") = "PersonnelDALFactory", "PersonnelDALFactory\PersonnelDALFactory.csproj", "{47FDB4BC-6136-435E-8DDA-0DD9E7DBFE26}"
EndProject
Project("{FAE04EC0-301F-11D3-BF4B-00C04F79EFBC}") = "PersonnelEntity", "PersonnelEntity\PersonnelEntity.csproj", "{D0313A64-9EE6-4D8A-8C9C-4EEA8FFC9171}"
EndProject
Project("{FAE04EC0-301F-11D3-BF4B-00C04F79EFBC}") = "PersonnelDAL", "PersonnelDAL\PersonnelDAL.csproj", "{3ADAE60E-6687-44C8-9896-9527516F4F15}"
EndProject
Project("{FAE04EC0-301F-11D3-BF4B-00C04F79EFBC}") = "PersonnelBLL", "PersonnelBLL\PersonnelBLL.csproj", "{56CA9470-828E-4759-B5A2-23AA99885E2C}"
EndProject
Project("{FAE04EC0-301F-11D3-BF4B-00C04F79EFBC}") = "PersonnelCommon", "PersonnelCommon\PersonnelCommon.csproj", "{1BCE2F94-5459-4A0A-A448-F6C3194CC329}"
EndProject
Global
	GlobalSection(SolutionConfigurationPlatforms) = preSolution
		Debug|Any CPU = Debug|Any CPU
		Release|Any CPU = Release|Any CPU
	EndGlobalSection
	GlobalSection(ProjectConfigurationPlatforms) = postSolution
		{4A212315-A7B5-46BC-8667-7D269577034C}.Debug|Any CPU.ActiveCfg = Debug|Any CPU
		{4A212315-A7B5-46BC-8667-7D269577034C}.Debug|Any CPU.Build.0 = Debug|Any CPU
		{4A212315-A7B5-46BC-8667-7D269577034C}.Release|Any CPU.ActiveCfg = Release|Any CPU
		{4A212315-A7B5-46BC-8667-7D269577034C}.Release|Any CPU.Build.0 = Release|Any CPU
		{DE12675D-F538-407F-82E4-DA56F7F9BFB7}.Debug|Any CPU.ActiveCfg = Debug|Any CPU
		{DE12675D-F538-407F-82E4-DA56F7F9BFB7}.Debug|Any CPU.Build.0 = Debug|Any CPU
		{DE12675D-F538-407F-82E4-DA56F7F9BFB7}.Release|Any CPU.ActiveCfg = Release|Any CPU
		{DE12675D-F538-407F-82E4-DA56F7F9BFB7}.Release|Any CPU.Build.0 = Release|Any CPU
		{47FDB4BC-6136-435E-8DDA-0DD9E7DBFE26}.Debug|Any CPU.ActiveCfg = Debug|Any CPU
		{47FDB4BC-6136-435E-8DDA-0DD9E7DBFE26}.Debug|Any CPU.Build.0 = Debug|Any CPU
		{47FDB4BC-6136-435E-8DDA-0DD9E7DBFE26}.Release|Any CPU.ActiveCfg = Release|Any CPU
		{47FDB4BC-6136-435E-8DDA-0DD9E7DBFE26}.Release|Any CPU.Build.0 = Release|Any CPU
		{D0313A64-9EE6-4D8A-8C9C-4EEA8FFC9171}.Debug|Any CPU.ActiveCfg = Debug|Any CPU
		{D0313A64-9EE6-4D8A-8C9C-4EEA8FFC9171}.Debug|Any CPU.Build.0 = Debug|Any CPU
		{D0313A64-9EE6-4D8A-8C9C-4EEA8FFC9171}.Release|Any CPU.ActiveCfg = Release|Any CPU
		{D0313A64-9EE6-4D8A-8C9C-4EEA8FFC9171}.Release|Any CPU.Build.0 = Release|Any CPU
		{3ADAE60E-6687-44C8-9896-9527516F4F15}.Debug|Any CPU.ActiveCfg = Debug|Any CPU
		{3ADAE60E-6687-44C8-9896-9527516F4F15}.Debug|Any CPU.Build.0 = Debug|Any CPU
		{3ADAE60E-6687-44C8-9896-9527516F4F15}.Release|Any CPU.ActiveCfg = Release|Any CPU
		{3ADAE60E-6687-44C8-9896-9527516F4F15}.Release|Any CPU.Build.0 = Release|Any CPU
		{56CA9470-828E-4759-B5A2-23AA99885E2C}.Debug|Any CPU.ActiveCfg = Debug|Any CPU
		{56CA9470-828E-4759-B5A2-23AA99885E2C}.Debug|Any CPU.Build.0 = Debug|Any CPU
		{56CA9470-828E-4759-B5A2-23AA99885E2C}.Release|Any CPU.ActiveCfg = Release|Any CPU
		{56CA9470-828E-4759-B5A2-23AA99885E2C}.Release|Any CPU.Build.0 = Release|Any CPU
		{1BCE2F94-5459-4A0A-A448-F6C3194CC329}.Debug|Any CPU.ActiveCfg = Debug|Any CPU
		{1BCE2F94-5459-4A0A-A448-F6C3194CC329}.Debug|Any CPU.Build.0 = Debug|Any CPU
		{1BCE2F94-5459-4A0A-A448-F6C3194CC329}.Release|Any CPU.ActiveCfg = Release|Any CPU
		{1BCE2F94-5459-4A0A-A448-F6C3194CC329}.Release|Any CPU.Build.0 = Release|Any CPU
	EndGlobalSection
	GlobalSection(SolutionProperties) = preSolution
		HideSolutionNode = FALSE
	EndGlobalSection
	GlobalSection(NestedProjects) = preSolution
		{4A212315-A7B5-46BC-8667-7D269577034C} = {2797A6D0-ED47-4EA6-BCC8-BC3198767A81}
		{56CA9470-828E-4759-B5A2-23AA99885E2C} = {61EC6B4F-BA42-44DA-9E0C-F60BFEE1712C}
		{D0313A64-9EE6-4D8A-8C9C-4EEA8FFC9171} = {F05BB6B8-44B5-4997-A6BB-B2065F9282F7}
		{DE12675D-F538-407F-82E4-DA56F7F9BFB7} = {4E911726-F15C-49F1-B899-0845B370784D}
		{47FDB4BC-6136-435E-8DDA-0DD9E7DBFE26} = {4E911726-F15C-49F1-B899-0845B370784D}
		{3ADAE60E-6687-44C8-9896-9527516F4F15} = {4E911726-F15C-49F1-B899-0845B370784D}
		{1BCE2F94-5459-4A0A-A448-F6C3194CC329} = {39BA02C5-BDCF-4668-BCD4-B1A56BE22D2A}
	EndGlobalSection
EndGlobal
